
Microsoft Visual Studio Solution File, Format Version 12.00
# Visual Studio Version 17
VisualStudioVersion = 17.0.31912.275
MinimumVisualStudioVersion = 10.0.40219.1
Project("{9A19103F-16F7-4668-BE54-9A1E7A4F7556}") = "Test", "Test\Test.csproj", "{B9CBA413-A0A6-46F1-85CE-E47C1E4CAA2A}"
EndProject
Project("{FAE04EC0-301F-11D3-BF4B-00C04F79EFBC}") = "CSharp1.0", "CSharp1.0\CSharp1.0.csproj", "{8DDF0364-0D5F-4031-B692-20DC531D7294}"
EndProject
Project("{FAE04EC0-301F-11D3-BF4B-00C04F79EFBC}") = "CSharp1.2", "CSharp1.1\CSharp1.2.csproj", "{16B85417-F2CA-4C8B-877B-8C47D46A27E7}"
EndProject
Project("{FAE04EC0-301F-11D3-BF4B-00C04F79EFBC}") = "CSharp2.0", "CSharp2.0\CSharp2.0.csproj", "{4534A4C4-CF93-46F6-BB89-2B1765888EEB}"
EndProject
Project("{FAE04EC0-301F-11D3-BF4B-00C04F79EFBC}") = "CSharp3.0", "CSharp3.0\CSharp3.0.csproj", "{3D82A91E-A52D-4A11-84D1-8A42D6EFA21F}"
EndProject
Project("{FAE04EC0-301F-11D3-BF4B-00C04F79EFBC}") = "CSharp4.0", "CSharp4.0\CSharp4.0.csproj", "{0FDAA55B-4B9A-45EB-B224-8BEEF4C16B0A}"
EndProject
Project("{FAE04EC0-301F-11D3-BF4B-00C04F79EFBC}") = "CSharp5.0", "CSharp5.0\CSharp5.0.csproj", "{6BB8C1DC-6133-4A36-9EA5-0826658961EF}"
EndProject
Project("{FAE04EC0-301F-11D3-BF4B-00C04F79EFBC}") = "CSharp6.0", "CSharp6.0\CSharp6.0.csproj", "{576A4BA1-F7DB-4314-AED4-13CA3BDAE81A}"
EndProject
Project("{FAE04EC0-301F-11D3-BF4B-00C04F79EFBC}") = "CSharp7.0", "CSharp7.0\CSharp7.0.csproj", "{955AFC25-007B-4CE5-895C-1ABD6C50EE2C}"
EndProject
Project("{FAE04EC0-301F-11D3-BF4B-00C04F79EFBC}") = "CSharp7.1", "CSharp7.1\CSharp7.1.csproj", "{5194427E-5185-4031-962B-E76276A7333F}"
EndProject
Project("{FAE04EC0-301F-11D3-BF4B-00C04F79EFBC}") = "CSharp7.2", "CSharp7.2\CSharp7.2.csproj", "{0CDB7994-1CC3-4031-8D8D-5F9374E7E191}"
EndProject
Project("{FAE04EC0-301F-11D3-BF4B-00C04F79EFBC}") = "CSharp7.3", "CSharp7.3\CSharp7.3.csproj", "{E26FAB78-92AE-4F42-8C61-29384CE7C8E4}"
EndProject
Global
	GlobalSection(SolutionConfigurationPlatforms) = preSolution
		Debug|Any CPU = Debug|Any CPU
		Release|Any CPU = Release|Any CPU
	EndGlobalSection
	GlobalSection(ProjectConfigurationPlatforms) = postSolution
		{B9CBA413-A0A6-46F1-85CE-E47C1E4CAA2A}.Debug|Any CPU.ActiveCfg = Debug|Any CPU
		{B9CBA413-A0A6-46F1-85CE-E47C1E4CAA2A}.Debug|Any CPU.Build.0 = Debug|Any CPU
		{B9CBA413-A0A6-46F1-85CE-E47C1E4CAA2A}.Release|Any CPU.ActiveCfg = Release|Any CPU
		{B9CBA413-A0A6-46F1-85CE-E47C1E4CAA2A}.Release|Any CPU.Build.0 = Release|Any CPU
		{8DDF0364-0D5F-4031-B692-20DC531D7294}.Debug|Any CPU.ActiveCfg = Debug|Any CPU
		{8DDF0364-0D5F-4031-B692-20DC531D7294}.Debug|Any CPU.Build.0 = Debug|Any CPU
		{8DDF0364-0D5F-4031-B692-20DC531D7294}.Release|Any CPU.ActiveCfg = Release|Any CPU
		{8DDF0364-0D5F-4031-B692-20DC531D7294}.Release|Any CPU.Build.0 = Release|Any CPU
		{16B85417-F2CA-4C8B-877B-8C47D46A27E7}.Debug|Any CPU.ActiveCfg = Debug|Any CPU
		{16B85417-F2CA-4C8B-877B-8C47D46A27E7}.Debug|Any CPU.Build.0 = Debug|Any CPU
		{16B85417-F2CA-4C8B-877B-8C47D46A27E7}.Release|Any CPU.ActiveCfg = Release|Any CPU
		{16B85417-F2CA-4C8B-877B-8C47D46A27E7}.Release|Any CPU.Build.0 = Release|Any CPU
		{4534A4C4-CF93-46F6-BB89-2B1765888EEB}.Debug|Any CPU.ActiveCfg = Debug|Any CPU
		{4534A4C4-CF93-46F6-BB89-2B1765888EEB}.Debug|Any CPU.Build.0 = Debug|Any CPU
		{4534A4C4-CF93-46F6-BB89-2B1765888EEB}.Release|Any CPU.ActiveCfg = Release|Any CPU
		{4534A4C4-CF93-46F6-BB89-2B1765888EEB}.Release|Any CPU.Build.0 = Release|Any CPU
		{3D82A91E-A52D-4A11-84D1-8A42D6EFA21F}.Debug|Any CPU.ActiveCfg = Debug|Any CPU
		{3D82A91E-A52D-4A11-84D1-8A42D6EFA21F}.Debug|Any CPU.Build.0 = Debug|Any CPU
		{3D82A91E-A52D-4A11-84D1-8A42D6EFA21F}.Release|Any CPU.ActiveCfg = Release|Any CPU
		{3D82A91E-A52D-4A11-84D1-8A42D6EFA21F}.Release|Any CPU.Build.0 = Release|Any CPU
		{0FDAA55B-4B9A-45EB-B224-8BEEF4C16B0A}.Debug|Any CPU.ActiveCfg = Debug|Any CPU
		{0FDAA55B-4B9A-45EB-B224-8BEEF4C16B0A}.Debug|Any CPU.Build.0 = Debug|Any CPU
		{0FDAA55B-4B9A-45EB-B224-8BEEF4C16B0A}.Release|Any CPU.ActiveCfg = Release|Any CPU
		{0FDAA55B-4B9A-45EB-B224-8BEEF4C16B0A}.Release|Any CPU.Build.0 = Release|Any CPU
		{6BB8C1DC-6133-4A36-9EA5-0826658961EF}.Debug|Any CPU.ActiveCfg = Debug|Any CPU
		{6BB8C1DC-6133-4A36-9EA5-0826658961EF}.Debug|Any CPU.Build.0 = Debug|Any CPU
		{6BB8C1DC-6133-4A36-9EA5-0826658961EF}.Release|Any CPU.ActiveCfg = Release|Any CPU
		{6BB8C1DC-6133-4A36-9EA5-0826658961EF}.Release|Any CPU.Build.0 = Release|Any CPU
		{576A4BA1-F7DB-4314-AED4-13CA3BDAE81A}.Debug|Any CPU.ActiveCfg = Debug|Any CPU
		{576A4BA1-F7DB-4314-AED4-13CA3BDAE81A}.Debug|Any CPU.Build.0 = Debug|Any CPU
		{576A4BA1-F7DB-4314-AED4-13CA3BDAE81A}.Release|Any CPU.ActiveCfg = Release|Any CPU
		{576A4BA1-F7DB-4314-AED4-13CA3BDAE81A}.Release|Any CPU.Build.0 = Release|Any CPU
		{955AFC25-007B-4CE5-895C-1ABD6C50EE2C}.Debug|Any CPU.ActiveCfg = Debug|Any CPU
		{955AFC25-007B-4CE5-895C-1ABD6C50EE2C}.Debug|Any CPU.Build.0 = Debug|Any CPU
		{955AFC25-007B-4CE5-895C-1ABD6C50EE2C}.Release|Any CPU.ActiveCfg = Release|Any CPU
		{955AFC25-007B-4CE5-895C-1ABD6C50EE2C}.Release|Any CPU.Build.0 = Release|Any CPU
		{5194427E-5185-4031-962B-E76276A7333F}.Debug|Any CPU.ActiveCfg = Debug|Any CPU
		{5194427E-5185-4031-962B-E76276A7333F}.Debug|Any CPU.Build.0 = Debug|Any CPU
		{5194427E-5185-4031-962B-E76276A7333F}.Release|Any CPU.ActiveCfg = Release|Any CPU
		{5194427E-5185-4031-962B-E76276A7333F}.Release|Any CPU.Build.0 = Release|Any CPU
		{0CDB7994-1CC3-4031-8D8D-5F9374E7E191}.Debug|Any CPU.ActiveCfg = Debug|Any CPU
		{0CDB7994-1CC3-4031-8D8D-5F9374E7E191}.Debug|Any CPU.Build.0 = Debug|Any CPU
		{0CDB7994-1CC3-4031-8D8D-5F9374E7E191}.Release|Any CPU.ActiveCfg = Release|Any CPU
		{0CDB7994-1CC3-4031-8D8D-5F9374E7E191}.Release|Any CPU.Build.0 = Release|Any CPU
		{E26FAB78-92AE-4F42-8C61-29384CE7C8E4}.Debug|Any CPU.ActiveCfg = Debug|Any CPU
		{E26FAB78-92AE-4F42-8C61-29384CE7C8E4}.Debug|Any CPU.Build.0 = Debug|Any CPU
		{E26FAB78-92AE-4F42-8C61-29384CE7C8E4}.Release|Any CPU.ActiveCfg = Release|Any CPU
		{E26FAB78-92AE-4F42-8C61-29384CE7C8E4}.Release|Any CPU.Build.0 = Release|Any CPU
	EndGlobalSection
	GlobalSection(SolutionProperties) = preSolution
		HideSolutionNode = FALSE
	EndGlobalSection
	GlobalSection(ExtensibilityGlobals) = postSolution
		SolutionGuid = {AED5A596-24F0-417D-9F6D-A0267FCF1C58}
	EndGlobalSection
EndGlobal
